// !$*UTF8*$!
{
	archiveVersion = 1;
	classes = {
	};
	objectVersion = 46;
	objects = {

/* Begin PBXBuildFile section */
		BE43E5641B4F25FC00C522FF /* AppDelegate.swift in Sources */ = {isa = PBXBuildFile; fileRef = BE43E5631B4F25FC00C522FF /* AppDelegate.swift */; };
		BE43E5661B4F25FC00C522FF /* RuleSourcesController.swift in Sources */ = {isa = PBXBuildFile; fileRef = BE43E5651B4F25FC00C522FF /* RuleSourcesController.swift */; };
		BE43E5681B4F25FC00C522FF /* SecondViewController.swift in Sources */ = {isa = PBXBuildFile; fileRef = BE43E5671B4F25FC00C522FF /* SecondViewController.swift */; };
		BE43E56B1B4F25FC00C522FF /* Main.storyboard in Resources */ = {isa = PBXBuildFile; fileRef = BE43E5691B4F25FC00C522FF /* Main.storyboard */; };
		BE43E56D1B4F25FC00C522FF /* Assets.xcassets in Resources */ = {isa = PBXBuildFile; fileRef = BE43E56C1B4F25FC00C522FF /* Assets.xcassets */; };
		BE43E5701B4F25FC00C522FF /* LaunchScreen.storyboard in Resources */ = {isa = PBXBuildFile; fileRef = BE43E56E1B4F25FC00C522FF /* LaunchScreen.storyboard */; };
		BE43E5861B4F25FC00C522FF /* pblockUITests.swift in Sources */ = {isa = PBXBuildFile; fileRef = BE43E5851B4F25FC00C522FF /* pblockUITests.swift */; };
		BE43E59C1B4F262100C522FF /* ActionRequestHandler.swift in Sources */ = {isa = PBXBuildFile; fileRef = BE43E59B1B4F262100C522FF /* ActionRequestHandler.swift */; };
		BE43E5A01B4F262100C522FF /* pblock-extension.appex in Embed App Extensions */ = {isa = PBXBuildFile; fileRef = BE43E5971B4F262100C522FF /* pblock-extension.appex */; settings = {ATTRIBUTES = (RemoveHeadersOnCopy, ); }; };
		BE4FE90F1B88DC2B0075AD95 /* ABPRuleFileParser.swift in Sources */ = {isa = PBXBuildFile; fileRef = BE4FE90E1B88DC2B0075AD95 /* ABPRuleFileParser.swift */; };
		BE4FE9121B8902040075AD95 /* ABPRuleFileParserSpec.swift in Sources */ = {isa = PBXBuildFile; fileRef = BE4FE9111B8902040075AD95 /* ABPRuleFileParserSpec.swift */; };
		BE4FE9141B890DB30075AD95 /* ParsedRule.swift in Sources */ = {isa = PBXBuildFile; fileRef = BE4FE9131B890DB30075AD95 /* ParsedRule.swift */; };
		BE4FE9161B8912090075AD95 /* HostFileParser.swift in Sources */ = {isa = PBXBuildFile; fileRef = BE4FE9151B8912090075AD95 /* HostFileParser.swift */; };
		BE4FE9181B8912390075AD95 /* RuleFileParserProtocol.swift in Sources */ = {isa = PBXBuildFile; fileRef = BE4FE9171B8912390075AD95 /* RuleFileParserProtocol.swift */; };
		BE4FE91A1B8916F20075AD95 /* HostFileParserSpec.swift in Sources */ = {isa = PBXBuildFile; fileRef = BE4FE9191B8916F20075AD95 /* HostFileParserSpec.swift */; };
		BE4FE91D1B891B330075AD95 /* Util.swift in Sources */ = {isa = PBXBuildFile; fileRef = BE4FE91B1B891B1C0075AD95 /* Util.swift */; };
		BE4FE91E1B891B370075AD95 /* Util.swift in Sources */ = {isa = PBXBuildFile; fileRef = BE4FE91B1B891B1C0075AD95 /* Util.swift */; };
		BE4FE9231B891E510075AD95 /* DefaultData.swift in Sources */ = {isa = PBXBuildFile; fileRef = BE4FE9221B891E510075AD95 /* DefaultData.swift */; };
		BE4FE92B1B8953850075AD95 /* UserPrefs.swift in Sources */ = {isa = PBXBuildFile; fileRef = BE4FE92A1B8953850075AD95 /* UserPrefs.swift */; };
		BE82A2CE1B500F62007A91AA /* CoreData.framework in Frameworks */ = {isa = PBXBuildFile; fileRef = BE82A2CD1B500F62007A91AA /* CoreData.framework */; };
		BE82A2D51B5011DA007A91AA /* Nimble.framework in Frameworks */ = {isa = PBXBuildFile; fileRef = BE82A2D31B5011DA007A91AA /* Nimble.framework */; };
		BE82A2D61B5011DA007A91AA /* Quick.framework in Frameworks */ = {isa = PBXBuildFile; fileRef = BE82A2D41B5011DA007A91AA /* Quick.framework */; };
		BE82A2D81B501211007A91AA /* Nimble.framework in CopyFiles */ = {isa = PBXBuildFile; fileRef = BE82A2D31B5011DA007A91AA /* Nimble.framework */; settings = {ATTRIBUTES = (CodeSignOnCopy, RemoveHeadersOnCopy, ); }; };
		BE82A2D91B501211007A91AA /* Quick.framework in CopyFiles */ = {isa = PBXBuildFile; fileRef = BE82A2D41B5011DA007A91AA /* Quick.framework */; settings = {ATTRIBUTES = (CodeSignOnCopy, RemoveHeadersOnCopy, ); }; };
		BE82A2E01B5019AE007A91AA /* Alamofire.framework in Frameworks */ = {isa = PBXBuildFile; fileRef = BE82A2D01B500F91007A91AA /* Alamofire.framework */; };
		BE82A2E31B504D3B007A91AA /* ABPRuleParser.swift in Sources */ = {isa = PBXBuildFile; fileRef = BE82A2E21B504D3B007A91AA /* ABPRuleParser.swift */; };
		BE82A2E71B504FE7007A91AA /* ABPRuleParserSpec.swift in Sources */ = {isa = PBXBuildFile; fileRef = BE82A2E61B504FE7007A91AA /* ABPRuleParserSpec.swift */; };
		BE82A2EA1B5052DA007A91AA /* DebugLog.swift in Sources */ = {isa = PBXBuildFile; fileRef = BE82A2E91B5052DA007A91AA /* DebugLog.swift */; };
		BE82A2EB1B5052DA007A91AA /* DebugLog.swift in Sources */ = {isa = PBXBuildFile; fileRef = BE82A2E91B5052DA007A91AA /* DebugLog.swift */; };
		BE82A2EF1B5057D1007A91AA /* Model.xcdatamodeld in Sources */ = {isa = PBXBuildFile; fileRef = BE82A2ED1B5057D1007A91AA /* Model.xcdatamodeld */; };
		BE82A2FE1B505B5E007A91AA /* RuleSource+CoreDataProperties.swift in Sources */ = {isa = PBXBuildFile; fileRef = BE82A2FA1B505B5E007A91AA /* RuleSource+CoreDataProperties.swift */; };
		BE82A2FF1B505B5E007A91AA /* RuleSource.swift in Sources */ = {isa = PBXBuildFile; fileRef = BE82A2FB1B505B5E007A91AA /* RuleSource.swift */; };
		BE82A3001B505B5E007A91AA /* Rule+CoreDataProperties.swift in Sources */ = {isa = PBXBuildFile; fileRef = BE82A2FC1B505B5E007A91AA /* Rule+CoreDataProperties.swift */; };
		BE82A3011B505B5E007A91AA /* Rule.swift in Sources */ = {isa = PBXBuildFile; fileRef = BE82A2FD1B505B5E007A91AA /* Rule.swift */; };
		BE82A3041B506B8E007A91AA /* RuleSpec.swift in Sources */ = {isa = PBXBuildFile; fileRef = BE82A3031B506B8D007A91AA /* RuleSpec.swift */; };
		BE82A3061B5073E7007A91AA /* CoreDataManager.swift in Sources */ = {isa = PBXBuildFile; fileRef = BE82A3051B5073E7007A91AA /* CoreDataManager.swift */; };
		BE82A3081B508093007A91AA /* NSManagedObject+pblock.swift in Sources */ = {isa = PBXBuildFile; fileRef = BE82A3071B508093007A91AA /* NSManagedObject+pblock.swift */; };
		BE82A30A1B508950007A91AA /* NSManagedObject+pblockSpec.swift in Sources */ = {isa = PBXBuildFile; fileRef = BE82A3091B508950007A91AA /* NSManagedObject+pblockSpec.swift */; };
		BE82A30E1B5089DA007A91AA /* SharedSpecHelpers.swift in Sources */ = {isa = PBXBuildFile; fileRef = BE82A30D1B5089DA007A91AA /* SharedSpecHelpers.swift */; };
		BE83B0C81B5202F80074FDA3 /* Alamofire.framework in Embed Frameworks */ = {isa = PBXBuildFile; fileRef = BE82A2D01B500F91007A91AA /* Alamofire.framework */; settings = {ATTRIBUTES = (CodeSignOnCopy, RemoveHeadersOnCopy, ); }; };
		BE83B0CD1B5432620074FDA3 /* RuleOptions.swift in Sources */ = {isa = PBXBuildFile; fileRef = BE83B0CC1B5432610074FDA3 /* RuleOptions.swift */; };
		BE83B0CF1B5436B90074FDA3 /* RuleOptionsSpec.swift in Sources */ = {isa = PBXBuildFile; fileRef = BE83B0CE1B5436B80074FDA3 /* RuleOptionsSpec.swift */; };
		BE83B0D21B543B320074FDA3 /* RuleDomain+CoreDataProperties.swift in Sources */ = {isa = PBXBuildFile; fileRef = BE83B0D01B543B320074FDA3 /* RuleDomain+CoreDataProperties.swift */; };
		BE83B0D31B543B320074FDA3 /* RuleDomain.swift in Sources */ = {isa = PBXBuildFile; fileRef = BE83B0D11B543B320074FDA3 /* RuleDomain.swift */; };
		BE9F0A851B8AAEFD00AB1D2F /* SplitViewDelegate.swift in Sources */ = {isa = PBXBuildFile; fileRef = BE9F0A841B8AAEFD00AB1D2F /* SplitViewDelegate.swift */; };
/* End PBXBuildFile section */

/* Begin PBXContainerItemProxy section */
		BE43E5771B4F25FC00C522FF /* PBXContainerItemProxy */ = {
			isa = PBXContainerItemProxy;
			containerPortal = BE43E5581B4F25FB00C522FF /* Project object */;
			proxyType = 1;
			remoteGlobalIDString = BE43E55F1B4F25FB00C522FF;
			remoteInfo = pblock;
		};
		BE43E5821B4F25FC00C522FF /* PBXContainerItemProxy */ = {
			isa = PBXContainerItemProxy;
			containerPortal = BE43E5581B4F25FB00C522FF /* Project object */;
			proxyType = 1;
			remoteGlobalIDString = BE43E55F1B4F25FB00C522FF;
			remoteInfo = pblock;
		};
		BE43E59E1B4F262100C522FF /* PBXContainerItemProxy */ = {
			isa = PBXContainerItemProxy;
			containerPortal = BE43E5581B4F25FB00C522FF /* Project object */;
			proxyType = 1;
			remoteGlobalIDString = BE43E5961B4F262100C522FF;
			remoteInfo = "pblock-extension";
		};
/* End PBXContainerItemProxy section */

/* Begin PBXCopyFilesBuildPhase section */
		BE43E5A41B4F262100C522FF /* Embed App Extensions */ = {
			isa = PBXCopyFilesBuildPhase;
			buildActionMask = 2147483647;
			dstPath = "";
			dstSubfolderSpec = 13;
			files = (
				BE43E5A01B4F262100C522FF /* pblock-extension.appex in Embed App Extensions */,
			);
			name = "Embed App Extensions";
			runOnlyForDeploymentPostprocessing = 0;
		};
		BE82A2D71B5011F7007A91AA /* CopyFiles */ = {
			isa = PBXCopyFilesBuildPhase;
			buildActionMask = 2147483647;
			dstPath = "";
			dstSubfolderSpec = 10;
			files = (
				BE82A2D81B501211007A91AA /* Nimble.framework in CopyFiles */,
				BE82A2D91B501211007A91AA /* Quick.framework in CopyFiles */,
			);
			runOnlyForDeploymentPostprocessing = 0;
		};
		BE83B0C91B5202F80074FDA3 /* Embed Frameworks */ = {
			isa = PBXCopyFilesBuildPhase;
			buildActionMask = 2147483647;
			dstPath = "";
			dstSubfolderSpec = 10;
			files = (
				BE83B0C81B5202F80074FDA3 /* Alamofire.framework in Embed Frameworks */,
			);
			name = "Embed Frameworks";
			runOnlyForDeploymentPostprocessing = 0;
		};
/* End PBXCopyFilesBuildPhase section */

/* Begin PBXFileReference section */
		BE43E5601B4F25FB00C522FF /* pblock.app */ = {isa = PBXFileReference; explicitFileType = wrapper.application; includeInIndex = 0; path = pblock.app; sourceTree = BUILT_PRODUCTS_DIR; };
		BE43E5631B4F25FC00C522FF /* AppDelegate.swift */ = {isa = PBXFileReference; lastKnownFileType = sourcecode.swift; path = AppDelegate.swift; sourceTree = "<group>"; };
		BE43E5651B4F25FC00C522FF /* RuleSourcesController.swift */ = {isa = PBXFileReference; lastKnownFileType = sourcecode.swift; path = RuleSourcesController.swift; sourceTree = "<group>"; };
		BE43E5671B4F25FC00C522FF /* SecondViewController.swift */ = {isa = PBXFileReference; lastKnownFileType = sourcecode.swift; path = SecondViewController.swift; sourceTree = "<group>"; };
		BE43E56A1B4F25FC00C522FF /* Base */ = {isa = PBXFileReference; lastKnownFileType = file.storyboard; name = Base; path = Base.lproj/Main.storyboard; sourceTree = "<group>"; };
		BE43E56C1B4F25FC00C522FF /* Assets.xcassets */ = {isa = PBXFileReference; lastKnownFileType = folder.assetcatalog; path = Assets.xcassets; sourceTree = "<group>"; };
		BE43E56F1B4F25FC00C522FF /* Base */ = {isa = PBXFileReference; lastKnownFileType = file.storyboard; name = Base; path = Base.lproj/LaunchScreen.storyboard; sourceTree = "<group>"; };
		BE43E5711B4F25FC00C522FF /* Info.plist */ = {isa = PBXFileReference; lastKnownFileType = text.plist.xml; path = Info.plist; sourceTree = "<group>"; };
		BE43E5761B4F25FC00C522FF /* pblockTests.xctest */ = {isa = PBXFileReference; explicitFileType = wrapper.cfbundle; includeInIndex = 0; path = pblockTests.xctest; sourceTree = BUILT_PRODUCTS_DIR; };
		BE43E57C1B4F25FC00C522FF /* Info.plist */ = {isa = PBXFileReference; lastKnownFileType = text.plist.xml; path = Info.plist; sourceTree = "<group>"; };
		BE43E5811B4F25FC00C522FF /* pblockUITests.xctest */ = {isa = PBXFileReference; explicitFileType = wrapper.cfbundle; includeInIndex = 0; path = pblockUITests.xctest; sourceTree = BUILT_PRODUCTS_DIR; };
		BE43E5851B4F25FC00C522FF /* pblockUITests.swift */ = {isa = PBXFileReference; lastKnownFileType = sourcecode.swift; path = pblockUITests.swift; sourceTree = "<group>"; };
		BE43E5871B4F25FC00C522FF /* Info.plist */ = {isa = PBXFileReference; lastKnownFileType = text.plist.xml; path = Info.plist; sourceTree = "<group>"; };
		BE43E5971B4F262100C522FF /* pblock-extension.appex */ = {isa = PBXFileReference; explicitFileType = "wrapper.app-extension"; includeInIndex = 0; path = "pblock-extension.appex"; sourceTree = BUILT_PRODUCTS_DIR; };
		BE43E59B1B4F262100C522FF /* ActionRequestHandler.swift */ = {isa = PBXFileReference; lastKnownFileType = sourcecode.swift; path = ActionRequestHandler.swift; sourceTree = "<group>"; };
		BE43E59D1B4F262100C522FF /* Info.plist */ = {isa = PBXFileReference; lastKnownFileType = text.plist.xml; path = Info.plist; sourceTree = "<group>"; };
		BE43E5A51B4F3BA000C522FF /* pblock.entitlements */ = {isa = PBXFileReference; lastKnownFileType = text.xml; path = pblock.entitlements; sourceTree = "<group>"; };
		BE43E5A61B4F3BB400C522FF /* pblock-extension.entitlements */ = {isa = PBXFileReference; lastKnownFileType = text.xml; path = "pblock-extension.entitlements"; sourceTree = "<group>"; };
		BE4FE90E1B88DC2B0075AD95 /* ABPRuleFileParser.swift */ = {isa = PBXFileReference; fileEncoding = 4; lastKnownFileType = sourcecode.swift; path = ABPRuleFileParser.swift; sourceTree = "<group>"; };
		BE4FE9111B8902040075AD95 /* ABPRuleFileParserSpec.swift */ = {isa = PBXFileReference; fileEncoding = 4; lastKnownFileType = sourcecode.swift; path = ABPRuleFileParserSpec.swift; sourceTree = "<group>"; };
		BE4FE9131B890DB30075AD95 /* ParsedRule.swift */ = {isa = PBXFileReference; fileEncoding = 4; lastKnownFileType = sourcecode.swift; path = ParsedRule.swift; sourceTree = "<group>"; };
		BE4FE9151B8912090075AD95 /* HostFileParser.swift */ = {isa = PBXFileReference; fileEncoding = 4; lastKnownFileType = sourcecode.swift; path = HostFileParser.swift; sourceTree = "<group>"; };
		BE4FE9171B8912390075AD95 /* RuleFileParserProtocol.swift */ = {isa = PBXFileReference; fileEncoding = 4; lastKnownFileType = sourcecode.swift; path = RuleFileParserProtocol.swift; sourceTree = "<group>"; };
		BE4FE9191B8916F20075AD95 /* HostFileParserSpec.swift */ = {isa = PBXFileReference; fileEncoding = 4; lastKnownFileType = sourcecode.swift; path = HostFileParserSpec.swift; sourceTree = "<group>"; };
		BE4FE91B1B891B1C0075AD95 /* Util.swift */ = {isa = PBXFileReference; fileEncoding = 4; lastKnownFileType = sourcecode.swift; path = Util.swift; sourceTree = "<group>"; };
		BE4FE9221B891E510075AD95 /* DefaultData.swift */ = {isa = PBXFileReference; fileEncoding = 4; lastKnownFileType = sourcecode.swift; path = DefaultData.swift; sourceTree = "<group>"; };
		BE4FE92A1B8953850075AD95 /* UserPrefs.swift */ = {isa = PBXFileReference; fileEncoding = 4; lastKnownFileType = sourcecode.swift; path = UserPrefs.swift; sourceTree = "<group>"; };
		BE82A2CD1B500F62007A91AA /* CoreData.framework */ = {isa = PBXFileReference; lastKnownFileType = wrapper.framework; name = CoreData.framework; path = System/Library/Frameworks/CoreData.framework; sourceTree = SDKROOT; };
		BE82A2D01B500F91007A91AA /* Alamofire.framework */ = {isa = PBXFileReference; lastKnownFileType = wrapper.framework; name = Alamofire.framework; path = Carthage/Build/iOS/Alamofire.framework; sourceTree = SOURCE_ROOT; };
		BE82A2D31B5011DA007A91AA /* Nimble.framework */ = {isa = PBXFileReference; lastKnownFileType = wrapper.framework; name = Nimble.framework; path = ../Carthage/Build/iOS/Nimble.framework; sourceTree = "<group>"; };
		BE82A2D41B5011DA007A91AA /* Quick.framework */ = {isa = PBXFileReference; lastKnownFileType = wrapper.framework; name = Quick.framework; path = ../Carthage/Build/iOS/Quick.framework; sourceTree = "<group>"; };
		BE82A2E21B504D3B007A91AA /* ABPRuleParser.swift */ = {isa = PBXFileReference; fileEncoding = 4; lastKnownFileType = sourcecode.swift; path = ABPRuleParser.swift; sourceTree = "<group>"; };
		BE82A2E61B504FE7007A91AA /* ABPRuleParserSpec.swift */ = {isa = PBXFileReference; fileEncoding = 4; lastKnownFileType = sourcecode.swift; path = ABPRuleParserSpec.swift; sourceTree = "<group>"; };
		BE82A2E91B5052DA007A91AA /* DebugLog.swift */ = {isa = PBXFileReference; fileEncoding = 4; lastKnownFileType = sourcecode.swift; path = DebugLog.swift; sourceTree = "<group>"; };
		BE82A2EE1B5057D1007A91AA /* Model.xcdatamodel */ = {isa = PBXFileReference; lastKnownFileType = wrapper.xcdatamodel; path = Model.xcdatamodel; sourceTree = "<group>"; };
		BE82A2FA1B505B5E007A91AA /* RuleSource+CoreDataProperties.swift */ = {isa = PBXFileReference; fileEncoding = 4; lastKnownFileType = sourcecode.swift; path = "RuleSource+CoreDataProperties.swift"; sourceTree = "<group>"; };
		BE82A2FB1B505B5E007A91AA /* RuleSource.swift */ = {isa = PBXFileReference; fileEncoding = 4; lastKnownFileType = sourcecode.swift; path = RuleSource.swift; sourceTree = "<group>"; };
		BE82A2FC1B505B5E007A91AA /* Rule+CoreDataProperties.swift */ = {isa = PBXFileReference; fileEncoding = 4; lastKnownFileType = sourcecode.swift; path = "Rule+CoreDataProperties.swift"; sourceTree = "<group>"; };
		BE82A2FD1B505B5E007A91AA /* Rule.swift */ = {isa = PBXFileReference; fileEncoding = 4; lastKnownFileType = sourcecode.swift; path = Rule.swift; sourceTree = "<group>"; };
		BE82A3031B506B8D007A91AA /* RuleSpec.swift */ = {isa = PBXFileReference; fileEncoding = 4; lastKnownFileType = sourcecode.swift; path = RuleSpec.swift; sourceTree = "<group>"; };
		BE82A3051B5073E7007A91AA /* CoreDataManager.swift */ = {isa = PBXFileReference; fileEncoding = 4; lastKnownFileType = sourcecode.swift; path = CoreDataManager.swift; sourceTree = "<group>"; };
		BE82A3071B508093007A91AA /* NSManagedObject+pblock.swift */ = {isa = PBXFileReference; fileEncoding = 4; lastKnownFileType = sourcecode.swift; path = "NSManagedObject+pblock.swift"; sourceTree = "<group>"; };
		BE82A3091B508950007A91AA /* NSManagedObject+pblockSpec.swift */ = {isa = PBXFileReference; fileEncoding = 4; lastKnownFileType = sourcecode.swift; path = "NSManagedObject+pblockSpec.swift"; sourceTree = "<group>"; };
		BE82A30D1B5089DA007A91AA /* SharedSpecHelpers.swift */ = {isa = PBXFileReference; fileEncoding = 4; lastKnownFileType = sourcecode.swift; path = SharedSpecHelpers.swift; sourceTree = "<group>"; };
		BE83B0CC1B5432610074FDA3 /* RuleOptions.swift */ = {isa = PBXFileReference; fileEncoding = 4; lastKnownFileType = sourcecode.swift; path = RuleOptions.swift; sourceTree = "<group>"; };
		BE83B0CE1B5436B80074FDA3 /* RuleOptionsSpec.swift */ = {isa = PBXFileReference; fileEncoding = 4; lastKnownFileType = sourcecode.swift; path = RuleOptionsSpec.swift; sourceTree = "<group>"; };
		BE83B0D01B543B320074FDA3 /* RuleDomain+CoreDataProperties.swift */ = {isa = PBXFileReference; fileEncoding = 4; lastKnownFileType = sourcecode.swift; path = "RuleDomain+CoreDataProperties.swift"; sourceTree = "<group>"; };
		BE83B0D11B543B320074FDA3 /* RuleDomain.swift */ = {isa = PBXFileReference; fileEncoding = 4; lastKnownFileType = sourcecode.swift; path = RuleDomain.swift; sourceTree = "<group>"; };
		BE9F0A841B8AAEFD00AB1D2F /* SplitViewDelegate.swift */ = {isa = PBXFileReference; fileEncoding = 4; lastKnownFileType = sourcecode.swift; path = SplitViewDelegate.swift; sourceTree = "<group>"; };
/* End PBXFileReference section */

/* Begin PBXFrameworksBuildPhase section */
		BE43E55D1B4F25FB00C522FF /* Frameworks */ = {
			isa = PBXFrameworksBuildPhase;
			buildActionMask = 2147483647;
			files = (
				BE82A2CE1B500F62007A91AA /* CoreData.framework in Frameworks */,
				BE82A2E01B5019AE007A91AA /* Alamofire.framework in Frameworks */,
			);
			runOnlyForDeploymentPostprocessing = 0;
		};
		BE43E5731B4F25FC00C522FF /* Frameworks */ = {
			isa = PBXFrameworksBuildPhase;
			buildActionMask = 2147483647;
			files = (
				BE82A2D51B5011DA007A91AA /* Nimble.framework in Frameworks */,
				BE82A2D61B5011DA007A91AA /* Quick.framework in Frameworks */,
			);
			runOnlyForDeploymentPostprocessing = 0;
		};
		BE43E57E1B4F25FC00C522FF /* Frameworks */ = {
			isa = PBXFrameworksBuildPhase;
			buildActionMask = 2147483647;
			files = (
			);
			runOnlyForDeploymentPostprocessing = 0;
		};
		BE43E5941B4F262100C522FF /* Frameworks */ = {
			isa = PBXFrameworksBuildPhase;
			buildActionMask = 2147483647;
			files = (
			);
			runOnlyForDeploymentPostprocessing = 0;
		};
/* End PBXFrameworksBuildPhase section */

/* Begin PBXGroup section */
		BE43E5571B4F25FB00C522FF = {
			isa = PBXGroup;
			children = (
				BE43E5621B4F25FB00C522FF /* pblock */,
				BE43E5791B4F25FC00C522FF /* pblockTests */,
				BE43E5841B4F25FC00C522FF /* pblockUITests */,
				BE43E5981B4F262100C522FF /* pblock-extension */,
				BE82A2E81B505297007A91AA /* pblockLib */,
				BE43E5611B4F25FB00C522FF /* Products */,
			);
			sourceTree = "<group>";
		};
		BE43E5611B4F25FB00C522FF /* Products */ = {
			isa = PBXGroup;
			children = (
				BE43E5601B4F25FB00C522FF /* pblock.app */,
				BE43E5761B4F25FC00C522FF /* pblockTests.xctest */,
				BE43E5811B4F25FC00C522FF /* pblockUITests.xctest */,
				BE43E5971B4F262100C522FF /* pblock-extension.appex */,
			);
			name = Products;
			sourceTree = "<group>";
		};
		BE43E5621B4F25FB00C522FF /* pblock */ = {
			isa = PBXGroup;
			children = (
				BE4FE9211B891BA50075AD95 /* View Controllers */,
				BE82A2F11B505AEA007A91AA /* Models */,
				BE82A2E11B504CF4007A91AA /* RuleParser */,
				BE82A3051B5073E7007A91AA /* CoreDataManager.swift */,
				BE43E5631B4F25FC00C522FF /* AppDelegate.swift */,
				BE4FE9221B891E510075AD95 /* DefaultData.swift */,
				BE4FE92A1B8953850075AD95 /* UserPrefs.swift */,
				BE82A2EC1B5055EC007A91AA /* Supporting Files */,
				BE82A2CF1B500F6D007A91AA /* Frameworks */,
				BE43E5711B4F25FC00C522FF /* Info.plist */,
				BE43E5A51B4F3BA000C522FF /* pblock.entitlements */,
			);
			path = pblock;
			sourceTree = "<group>";
		};
		BE43E5791B4F25FC00C522FF /* pblockTests */ = {
			isa = PBXGroup;
			children = (
				BE82A3021B506B6F007A91AA /* ModelSpecs */,
				BE82A2E51B504FB3007A91AA /* RuleParserSpecs */,
				BE82A30D1B5089DA007A91AA /* SharedSpecHelpers.swift */,
				BE43E57C1B4F25FC00C522FF /* Info.plist */,
				BE82A2D21B5011C3007A91AA /* Frameworks */,
			);
			path = pblockTests;
			sourceTree = "<group>";
		};
		BE43E5841B4F25FC00C522FF /* pblockUITests */ = {
			isa = PBXGroup;
			children = (
				BE43E5851B4F25FC00C522FF /* pblockUITests.swift */,
				BE43E5871B4F25FC00C522FF /* Info.plist */,
			);
			path = pblockUITests;
			sourceTree = "<group>";
		};
		BE43E5981B4F262100C522FF /* pblock-extension */ = {
			isa = PBXGroup;
			children = (
				BE43E5A61B4F3BB400C522FF /* pblock-extension.entitlements */,
				BE43E59B1B4F262100C522FF /* ActionRequestHandler.swift */,
				BE43E59D1B4F262100C522FF /* Info.plist */,
			);
			path = "pblock-extension";
			sourceTree = "<group>";
		};
		BE4FE9211B891BA50075AD95 /* View Controllers */ = {
			isa = PBXGroup;
			children = (
				BE43E5651B4F25FC00C522FF /* RuleSourcesController.swift */,
				BE43E5671B4F25FC00C522FF /* SecondViewController.swift */,
			);
			path = "View Controllers";
			sourceTree = "<group>";
		};
		BE82A2CF1B500F6D007A91AA /* Frameworks */ = {
			isa = PBXGroup;
			children = (
				BE82A2D01B500F91007A91AA /* Alamofire.framework */,
				BE82A2CD1B500F62007A91AA /* CoreData.framework */,
			);
			name = Frameworks;
			sourceTree = "<group>";
		};
		BE82A2D21B5011C3007A91AA /* Frameworks */ = {
			isa = PBXGroup;
			children = (
				BE82A2D31B5011DA007A91AA /* Nimble.framework */,
				BE82A2D41B5011DA007A91AA /* Quick.framework */,
			);
			name = Frameworks;
			sourceTree = "<group>";
		};
		BE82A2E11B504CF4007A91AA /* RuleParser */ = {
			isa = PBXGroup;
			children = (
				BE4FE9131B890DB30075AD95 /* ParsedRule.swift */,
				BE4FE9171B8912390075AD95 /* RuleFileParserProtocol.swift */,
				BE4FE90E1B88DC2B0075AD95 /* ABPRuleFileParser.swift */,
				BE82A2E21B504D3B007A91AA /* ABPRuleParser.swift */,
				BE4FE9151B8912090075AD95 /* HostFileParser.swift */,
			);
			path = RuleParser;
			sourceTree = "<group>";
		};
		BE82A2E51B504FB3007A91AA /* RuleParserSpecs */ = {
			isa = PBXGroup;
			children = (
				BE4FE9111B8902040075AD95 /* ABPRuleFileParserSpec.swift */,
				BE82A2E61B504FE7007A91AA /* ABPRuleParserSpec.swift */,
				BE4FE9191B8916F20075AD95 /* HostFileParserSpec.swift */,
			);
			path = RuleParserSpecs;
			sourceTree = "<group>";
		};
		BE82A2E81B505297007A91AA /* pblockLib */ = {
			isa = PBXGroup;
			children = (
				BE82A2E91B5052DA007A91AA /* DebugLog.swift */,
				BE4FE91B1B891B1C0075AD95 /* Util.swift */,
			);
			path = pblockLib;
			sourceTree = "<group>";
		};
		BE82A2EC1B5055EC007A91AA /* Supporting Files */ = {
			isa = PBXGroup;
			children = (
				BE43E5691B4F25FC00C522FF /* Main.storyboard */,
				BE9F0A841B8AAEFD00AB1D2F /* SplitViewDelegate.swift */,
				BE43E56E1B4F25FC00C522FF /* LaunchScreen.storyboard */,
				BE43E56C1B4F25FC00C522FF /* Assets.xcassets */,
				BE82A2ED1B5057D1007A91AA /* Model.xcdatamodeld */,
			);
			path = "Supporting Files";
			sourceTree = "<group>";
		};
		BE82A2F11B505AEA007A91AA /* Models */ = {
			isa = PBXGroup;
			children = (
				BE82A3071B508093007A91AA /* NSManagedObject+pblock.swift */,
				BE83B0D01B543B320074FDA3 /* RuleDomain+CoreDataProperties.swift */,
				BE83B0D11B543B320074FDA3 /* RuleDomain.swift */,
				BE82A2FA1B505B5E007A91AA /* RuleSource+CoreDataProperties.swift */,
				BE82A2FB1B505B5E007A91AA /* RuleSource.swift */,
				BE82A2FC1B505B5E007A91AA /* Rule+CoreDataProperties.swift */,
				BE82A2FD1B505B5E007A91AA /* Rule.swift */,
				BE83B0CC1B5432610074FDA3 /* RuleOptions.swift */,
			);
			path = Models;
			sourceTree = "<group>";
		};
		BE82A3021B506B6F007A91AA /* ModelSpecs */ = {
			isa = PBXGroup;
			children = (
				BE82A3031B506B8D007A91AA /* RuleSpec.swift */,
				BE83B0CE1B5436B80074FDA3 /* RuleOptionsSpec.swift */,
				BE82A3091B508950007A91AA /* NSManagedObject+pblockSpec.swift */,
			);
			path = ModelSpecs;
			sourceTree = "<group>";
		};
/* End PBXGroup section */

/* Begin PBXNativeTarget section */
		BE43E55F1B4F25FB00C522FF /* pblock */ = {
			isa = PBXNativeTarget;
			buildConfigurationList = BE43E58A1B4F25FC00C522FF /* Build configuration list for PBXNativeTarget "pblock" */;
			buildPhases = (
				BE43E55C1B4F25FB00C522FF /* Sources */,
				BE43E55D1B4F25FB00C522FF /* Frameworks */,
				BE43E55E1B4F25FB00C522FF /* Resources */,
				BE82A2DA1B5014AD007A91AA /* Set Build Number */,
				BE43E5A41B4F262100C522FF /* Embed App Extensions */,
				BE82A2DF1B501825007A91AA /* Copy Carthage Frameworks */,
				BE83B0C91B5202F80074FDA3 /* Embed Frameworks */,
				BE4FE9101B88FA1B0075AD95 /* Lint Source */,
			);
			buildRules = (
			);
			dependencies = (
				BE43E59F1B4F262100C522FF /* PBXTargetDependency */,
			);
			name = pblock;
			productName = pblock;
			productReference = BE43E5601B4F25FB00C522FF /* pblock.app */;
			productType = "com.apple.product-type.application";
		};
		BE43E5751B4F25FC00C522FF /* pblockTests */ = {
			isa = PBXNativeTarget;
			buildConfigurationList = BE43E58D1B4F25FC00C522FF /* Build configuration list for PBXNativeTarget "pblockTests" */;
			buildPhases = (
				BE43E5721B4F25FC00C522FF /* Sources */,
				BE43E5731B4F25FC00C522FF /* Frameworks */,
				BE43E5741B4F25FC00C522FF /* Resources */,
				BE82A2D71B5011F7007A91AA /* CopyFiles */,
			);
			buildRules = (
			);
			dependencies = (
				BE43E5781B4F25FC00C522FF /* PBXTargetDependency */,
			);
			name = pblockTests;
			productName = pblockTests;
			productReference = BE43E5761B4F25FC00C522FF /* pblockTests.xctest */;
			productType = "com.apple.product-type.bundle.unit-test";
		};
		BE43E5801B4F25FC00C522FF /* pblockUITests */ = {
			isa = PBXNativeTarget;
			buildConfigurationList = BE43E5901B4F25FC00C522FF /* Build configuration list for PBXNativeTarget "pblockUITests" */;
			buildPhases = (
				BE43E57D1B4F25FC00C522FF /* Sources */,
				BE43E57E1B4F25FC00C522FF /* Frameworks */,
				BE43E57F1B4F25FC00C522FF /* Resources */,
			);
			buildRules = (
			);
			dependencies = (
				BE43E5831B4F25FC00C522FF /* PBXTargetDependency */,
			);
			name = pblockUITests;
			productName = pblockUITests;
			productReference = BE43E5811B4F25FC00C522FF /* pblockUITests.xctest */;
			productType = "com.apple.product-type.bundle.ui-testing";
		};
		BE43E5961B4F262100C522FF /* pblock-extension */ = {
			isa = PBXNativeTarget;
			buildConfigurationList = BE43E5A11B4F262100C522FF /* Build configuration list for PBXNativeTarget "pblock-extension" */;
			buildPhases = (
				BE43E5931B4F262100C522FF /* Sources */,
				BE43E5941B4F262100C522FF /* Frameworks */,
				BE43E5951B4F262100C522FF /* Resources */,
			);
			buildRules = (
			);
			dependencies = (
			);
			name = "pblock-extension";
			productName = "pblock-extension";
			productReference = BE43E5971B4F262100C522FF /* pblock-extension.appex */;
			productType = "com.apple.product-type.app-extension";
		};
/* End PBXNativeTarget section */

/* Begin PBXProject section */
		BE43E5581B4F25FB00C522FF /* Project object */ = {
			isa = PBXProject;
			attributes = {
				LastSwiftUpdateCheck = 0700;
				LastUpgradeCheck = 0700;
				ORGANIZATIONNAME = PBlock;
				TargetAttributes = {
					BE43E55F1B4F25FB00C522FF = {
						CreatedOnToolsVersion = 7.0;
						DevelopmentTeam = 5VHWADD4P5;
						SystemCapabilities = {
							com.apple.ApplicationGroups.iOS = {
								enabled = 1;
							};
						};
					};
					BE43E5751B4F25FC00C522FF = {
						CreatedOnToolsVersion = 7.0;
						TestTargetID = BE43E55F1B4F25FB00C522FF;
					};
					BE43E5801B4F25FC00C522FF = {
						CreatedOnToolsVersion = 7.0;
						TestTargetID = BE43E55F1B4F25FB00C522FF;
					};
					BE43E5961B4F262100C522FF = {
						CreatedOnToolsVersion = 7.0;
						DevelopmentTeam = 5VHWADD4P5;
						SystemCapabilities = {
							com.apple.ApplicationGroups.iOS = {
								enabled = 1;
							};
						};
					};
				};
			};
			buildConfigurationList = BE43E55B1B4F25FB00C522FF /* Build configuration list for PBXProject "pblock" */;
			compatibilityVersion = "Xcode 3.2";
			developmentRegion = English;
			hasScannedForEncodings = 0;
			knownRegions = (
				en,
				Base,
			);
			mainGroup = BE43E5571B4F25FB00C522FF;
			productRefGroup = BE43E5611B4F25FB00C522FF /* Products */;
			projectDirPath = "";
			projectRoot = "";
			targets = (
				BE43E55F1B4F25FB00C522FF /* pblock */,
				BE43E5751B4F25FC00C522FF /* pblockTests */,
				BE43E5801B4F25FC00C522FF /* pblockUITests */,
				BE43E5961B4F262100C522FF /* pblock-extension */,
			);
		};
/* End PBXProject section */

/* Begin PBXResourcesBuildPhase section */
		BE43E55E1B4F25FB00C522FF /* Resources */ = {
			isa = PBXResourcesBuildPhase;
			buildActionMask = 2147483647;
			files = (
				BE43E5701B4F25FC00C522FF /* LaunchScreen.storyboard in Resources */,
				BE43E56D1B4F25FC00C522FF /* Assets.xcassets in Resources */,
				BE43E56B1B4F25FC00C522FF /* Main.storyboard in Resources */,
			);
			runOnlyForDeploymentPostprocessing = 0;
		};
		BE43E5741B4F25FC00C522FF /* Resources */ = {
			isa = PBXResourcesBuildPhase;
			buildActionMask = 2147483647;
			files = (
			);
			runOnlyForDeploymentPostprocessing = 0;
		};
		BE43E57F1B4F25FC00C522FF /* Resources */ = {
			isa = PBXResourcesBuildPhase;
			buildActionMask = 2147483647;
			files = (
			);
			runOnlyForDeploymentPostprocessing = 0;
		};
		BE43E5951B4F262100C522FF /* Resources */ = {
			isa = PBXResourcesBuildPhase;
			buildActionMask = 2147483647;
			files = (
			);
			runOnlyForDeploymentPostprocessing = 0;
		};
/* End PBXResourcesBuildPhase section */

/* Begin PBXShellScriptBuildPhase section */
		BE4FE9101B88FA1B0075AD95 /* Lint Source */ = {
			isa = PBXShellScriptBuildPhase;
			buildActionMask = 2147483647;
			files = (
			);
			inputPaths = (
			);
			name = "Lint Source";
			outputPaths = (
			);
			runOnlyForDeploymentPostprocessing = 0;
			shellPath = /bin/sh;
			shellScript = "# currently disabled because it throws errors for correct code\n#cd ${PROJECT_DIR}/pblock\n#${PROJECT_DIR}/vendor/swiftlint/swiftlint";
		};
		BE82A2DA1B5014AD007A91AA /* Set Build Number */ = {
			isa = PBXShellScriptBuildPhase;
			buildActionMask = 2147483647;
			files = (
			);
			inputPaths = (
			);
			name = "Set Build Number";
			outputPaths = (
			);
			runOnlyForDeploymentPostprocessing = 0;
			shellPath = /bin/sh;
			shellScript = "${PROJECT_DIR}/script/bump_build_number.sh \"${BUILT_PRODUCTS_DIR}/pblock.app/Info.plist\"";
		};
		BE82A2DF1B501825007A91AA /* Copy Carthage Frameworks */ = {
			isa = PBXShellScriptBuildPhase;
			buildActionMask = 2147483647;
			files = (
			);
			inputPaths = (
				"$(SRCROOT)/Carthage/Build/iOS/AlamoFire.framework",
			);
			name = "Copy Carthage Frameworks";
			outputPaths = (
			);
			runOnlyForDeploymentPostprocessing = 0;
			shellPath = /bin/sh;
			shellScript = "/usr/local/bin/carthage copy-frameworks";
		};
/* End PBXShellScriptBuildPhase section */

/* Begin PBXSourcesBuildPhase section */
		BE43E55C1B4F25FB00C522FF /* Sources */ = {
			isa = PBXSourcesBuildPhase;
			buildActionMask = 2147483647;
			files = (
				BE82A2EA1B5052DA007A91AA /* DebugLog.swift in Sources */,
				BE83B0D31B543B320074FDA3 /* RuleDomain.swift in Sources */,
				BE83B0CD1B5432620074FDA3 /* RuleOptions.swift in Sources */,
				BE4FE9231B891E510075AD95 /* DefaultData.swift in Sources */,
				BE82A3011B505B5E007A91AA /* Rule.swift in Sources */,
				BE4FE9161B8912090075AD95 /* HostFileParser.swift in Sources */,
				BE82A3081B508093007A91AA /* NSManagedObject+pblock.swift in Sources */,
				BE43E5681B4F25FC00C522FF /* SecondViewController.swift in Sources */,
				BE4FE91D1B891B330075AD95 /* Util.swift in Sources */,
				BE43E5641B4F25FC00C522FF /* AppDelegate.swift in Sources */,
				BE4FE9181B8912390075AD95 /* RuleFileParserProtocol.swift in Sources */,
				BE82A2E31B504D3B007A91AA /* ABPRuleParser.swift in Sources */,
				BE4FE9141B890DB30075AD95 /* ParsedRule.swift in Sources */,
				BE82A2FF1B505B5E007A91AA /* RuleSource.swift in Sources */,
				BE82A3061B5073E7007A91AA /* CoreDataManager.swift in Sources */,
				BE9F0A851B8AAEFD00AB1D2F /* SplitViewDelegate.swift in Sources */,
				BE82A3001B505B5E007A91AA /* Rule+CoreDataProperties.swift in Sources */,
				BE43E5661B4F25FC00C522FF /* RuleSourcesController.swift in Sources */,
				BE83B0D21B543B320074FDA3 /* RuleDomain+CoreDataProperties.swift in Sources */,
				BE4FE90F1B88DC2B0075AD95 /* ABPRuleFileParser.swift in Sources */,
				BE4FE92B1B8953850075AD95 /* UserPrefs.swift in Sources */,
				BE82A2EF1B5057D1007A91AA /* Model.xcdatamodeld in Sources */,
				BE82A2FE1B505B5E007A91AA /* RuleSource+CoreDataProperties.swift in Sources */,
			);
			runOnlyForDeploymentPostprocessing = 0;
		};
		BE43E5721B4F25FC00C522FF /* Sources */ = {
			isa = PBXSourcesBuildPhase;
			buildActionMask = 2147483647;
			files = (
				BE83B0CF1B5436B90074FDA3 /* RuleOptionsSpec.swift in Sources */,
				BE4FE91A1B8916F20075AD95 /* HostFileParserSpec.swift in Sources */,
				BE82A30A1B508950007A91AA /* NSManagedObject+pblockSpec.swift in Sources */,
				BE82A3041B506B8E007A91AA /* RuleSpec.swift in Sources */,
				BE4FE9121B8902040075AD95 /* ABPRuleFileParserSpec.swift in Sources */,
				BE82A2E71B504FE7007A91AA /* ABPRuleParserSpec.swift in Sources */,
				BE82A30E1B5089DA007A91AA /* SharedSpecHelpers.swift in Sources */,
			);
			runOnlyForDeploymentPostprocessing = 0;
		};
		BE43E57D1B4F25FC00C522FF /* Sources */ = {
			isa = PBXSourcesBuildPhase;
			buildActionMask = 2147483647;
			files = (
				BE43E5861B4F25FC00C522FF /* pblockUITests.swift in Sources */,
			);
			runOnlyForDeploymentPostprocessing = 0;
		};
		BE43E5931B4F262100C522FF /* Sources */ = {
			isa = PBXSourcesBuildPhase;
			buildActionMask = 2147483647;
			files = (
				BE82A2EB1B5052DA007A91AA /* DebugLog.swift in Sources */,
				BE43E59C1B4F262100C522FF /* ActionRequestHandler.swift in Sources */,
				BE4FE91E1B891B370075AD95 /* Util.swift in Sources */,
			);
			runOnlyForDeploymentPostprocessing = 0;
		};
/* End PBXSourcesBuildPhase section */

/* Begin PBXTargetDependency section */
		BE43E5781B4F25FC00C522FF /* PBXTargetDependency */ = {
			isa = PBXTargetDependency;
			target = BE43E55F1B4F25FB00C522FF /* pblock */;
			targetProxy = BE43E5771B4F25FC00C522FF /* PBXContainerItemProxy */;
		};
		BE43E5831B4F25FC00C522FF /* PBXTargetDependency */ = {
			isa = PBXTargetDependency;
			target = BE43E55F1B4F25FB00C522FF /* pblock */;
			targetProxy = BE43E5821B4F25FC00C522FF /* PBXContainerItemProxy */;
		};
		BE43E59F1B4F262100C522FF /* PBXTargetDependency */ = {
			isa = PBXTargetDependency;
			target = BE43E5961B4F262100C522FF /* pblock-extension */;
			targetProxy = BE43E59E1B4F262100C522FF /* PBXContainerItemProxy */;
		};
/* End PBXTargetDependency section */

/* Begin PBXVariantGroup section */
		BE43E5691B4F25FC00C522FF /* Main.storyboard */ = {
			isa = PBXVariantGroup;
			children = (
				BE43E56A1B4F25FC00C522FF /* Base */,
			);
			name = Main.storyboard;
			path = ..;
			sourceTree = "<group>";
		};
		BE43E56E1B4F25FC00C522FF /* LaunchScreen.storyboard */ = {
			isa = PBXVariantGroup;
			children = (
				BE43E56F1B4F25FC00C522FF /* Base */,
			);
			name = LaunchScreen.storyboard;
			path = ..;
			sourceTree = "<group>";
		};
/* End PBXVariantGroup section */

/* Begin XCBuildConfiguration section */
		BE43E5881B4F25FC00C522FF /* Debug */ = {
			isa = XCBuildConfiguration;
			buildSettings = {
				ALWAYS_SEARCH_USER_PATHS = NO;
				CLANG_CXX_LANGUAGE_STANDARD = "gnu++0x";
				CLANG_CXX_LIBRARY = "libc++";
				CLANG_ENABLE_MODULES = YES;
				CLANG_ENABLE_OBJC_ARC = YES;
				CLANG_WARN_BOOL_CONVERSION = YES;
				CLANG_WARN_CONSTANT_CONVERSION = YES;
				CLANG_WARN_DIRECT_OBJC_ISA_USAGE = YES_ERROR;
				CLANG_WARN_EMPTY_BODY = YES;
				CLANG_WARN_ENUM_CONVERSION = YES;
				CLANG_WARN_INT_CONVERSION = YES;
				CLANG_WARN_OBJC_ROOT_CLASS = YES_ERROR;
				CLANG_WARN_UNREACHABLE_CODE = YES;
				CLANG_WARN__DUPLICATE_METHOD_MATCH = YES;
				"CODE_SIGN_IDENTITY[sdk=iphoneos*]" = "iPhone Developer";
				COPY_PHASE_STRIP = NO;
				DEBUG_INFORMATION_FORMAT = dwarf;
				ENABLE_STRICT_OBJC_MSGSEND = YES;
				ENABLE_TESTABILITY = YES;
				FRAMEWORK_SEARCH_PATHS = "$(SRCROOT)/Carthage/Build/iOS/";
				GCC_C_LANGUAGE_STANDARD = gnu99;
				GCC_DYNAMIC_NO_PIC = NO;
				GCC_NO_COMMON_BLOCKS = YES;
				GCC_OPTIMIZATION_LEVEL = 0;
				GCC_PREPROCESSOR_DEFINITIONS = (
					"DEBUG=1",
					"$(inherited)",
				);
				GCC_WARN_64_TO_32_BIT_CONVERSION = YES;
				GCC_WARN_ABOUT_RETURN_TYPE = YES_ERROR;
				GCC_WARN_UNDECLARED_SELECTOR = YES;
				GCC_WARN_UNINITIALIZED_AUTOS = YES_AGGRESSIVE;
				GCC_WARN_UNUSED_FUNCTION = YES;
				GCC_WARN_UNUSED_VARIABLE = YES;
				IPHONEOS_DEPLOYMENT_TARGET = 9.0;
				MTL_ENABLE_DEBUG_INFO = YES;
				ONLY_ACTIVE_ARCH = YES;
				OTHER_SWIFT_FLAGS = "";
				SDKROOT = iphoneos;
				SWIFT_OPTIMIZATION_LEVEL = "-Onone";
				TARGETED_DEVICE_FAMILY = "1,2";
			};
			name = Debug;
		};
		BE43E5891B4F25FC00C522FF /* Release */ = {
			isa = XCBuildConfiguration;
			buildSettings = {
				ALWAYS_SEARCH_USER_PATHS = NO;
				CLANG_CXX_LANGUAGE_STANDARD = "gnu++0x";
				CLANG_CXX_LIBRARY = "libc++";
				CLANG_ENABLE_MODULES = YES;
				CLANG_ENABLE_OBJC_ARC = YES;
				CLANG_WARN_BOOL_CONVERSION = YES;
				CLANG_WARN_CONSTANT_CONVERSION = YES;
				CLANG_WARN_DIRECT_OBJC_ISA_USAGE = YES_ERROR;
				CLANG_WARN_EMPTY_BODY = YES;
				CLANG_WARN_ENUM_CONVERSION = YES;
				CLANG_WARN_INT_CONVERSION = YES;
				CLANG_WARN_OBJC_ROOT_CLASS = YES_ERROR;
				CLANG_WARN_UNREACHABLE_CODE = YES;
				CLANG_WARN__DUPLICATE_METHOD_MATCH = YES;
				"CODE_SIGN_IDENTITY[sdk=iphoneos*]" = "iPhone Developer";
				COPY_PHASE_STRIP = NO;
				DEBUG_INFORMATION_FORMAT = "dwarf-with-dsym";
				ENABLE_NS_ASSERTIONS = NO;
				ENABLE_STRICT_OBJC_MSGSEND = YES;
				FRAMEWORK_SEARCH_PATHS = "$(SRCROOT)/Carthage/Build/iOS/";
				GCC_C_LANGUAGE_STANDARD = gnu99;
				GCC_NO_COMMON_BLOCKS = YES;
				GCC_WARN_64_TO_32_BIT_CONVERSION = YES;
				GCC_WARN_ABOUT_RETURN_TYPE = YES_ERROR;
				GCC_WARN_UNDECLARED_SELECTOR = YES;
				GCC_WARN_UNINITIALIZED_AUTOS = YES_AGGRESSIVE;
				GCC_WARN_UNUSED_FUNCTION = YES;
				GCC_WARN_UNUSED_VARIABLE = YES;
				IPHONEOS_DEPLOYMENT_TARGET = 9.0;
				MTL_ENABLE_DEBUG_INFO = NO;
				SDKROOT = iphoneos;
				TARGETED_DEVICE_FAMILY = "1,2";
				VALIDATE_PRODUCT = YES;
			};
			name = Release;
		};
		BE43E58B1B4F25FC00C522FF /* Debug */ = {
			isa = XCBuildConfiguration;
			buildSettings = {
				ASSETCATALOG_COMPILER_APPICON_NAME = AppIcon;
				CLANG_ENABLE_MODULES = YES;
				CODE_SIGN_ENTITLEMENTS = pblock/pblock.entitlements;
				CODE_SIGN_IDENTITY = "iPhone Developer";
				"CODE_SIGN_IDENTITY[sdk=iphoneos*]" = "iPhone Developer";
				EMBEDDED_CONTENT_CONTAINS_SWIFT = YES;
				INFOPLIST_FILE = pblock/Info.plist;
				LD_RUNPATH_SEARCH_PATHS = "$(inherited) @executable_path/Frameworks";
				OTHER_SWIFT_FLAGS = "-D DEBUG";
				PRODUCT_BUNDLE_IDENTIFIER = com.willfleming.pblock;
				PRODUCT_NAME = "$(TARGET_NAME)";
				PROVISIONING_PROFILE = "";
				SWIFT_OPTIMIZATION_LEVEL = "-Onone";
			};
			name = Debug;
		};
		BE43E58C1B4F25FC00C522FF /* Release */ = {
			isa = XCBuildConfiguration;
			buildSettings = {
				ASSETCATALOG_COMPILER_APPICON_NAME = AppIcon;
				CLANG_ENABLE_MODULES = YES;
				CODE_SIGN_ENTITLEMENTS = pblock/pblock.entitlements;
				CODE_SIGN_IDENTITY = "iPhone Developer";
				"CODE_SIGN_IDENTITY[sdk=iphoneos*]" = "iPhone Developer";
				EMBEDDED_CONTENT_CONTAINS_SWIFT = YES;
				INFOPLIST_FILE = pblock/Info.plist;
				LD_RUNPATH_SEARCH_PATHS = "$(inherited) @executable_path/Frameworks";
				PRODUCT_BUNDLE_IDENTIFIER = com.willfleming.pblock;
				PRODUCT_NAME = "$(TARGET_NAME)";
				PROVISIONING_PROFILE = "";
			};
			name = Release;
		};
		BE43E58E1B4F25FC00C522FF /* Debug */ = {
			isa = XCBuildConfiguration;
			buildSettings = {
				BUNDLE_LOADER = "$(TEST_HOST)";
				CLANG_ENABLE_MODULES = YES;
				INFOPLIST_FILE = pblockTests/Info.plist;
				LD_RUNPATH_SEARCH_PATHS = "$(inherited) @executable_path/Frameworks @loader_path/Frameworks";
				PRODUCT_BUNDLE_IDENTIFIER = willfleming.pblockTests;
				PRODUCT_NAME = "$(TARGET_NAME)";
				SWIFT_OPTIMIZATION_LEVEL = "-Onone";
				TEST_HOST = "$(BUILT_PRODUCTS_DIR)/pblock.app/pblock";
			};
			name = Debug;
		};
		BE43E58F1B4F25FC00C522FF /* Release */ = {
			isa = XCBuildConfiguration;
			buildSettings = {
				BUNDLE_LOADER = "$(TEST_HOST)";
				CLANG_ENABLE_MODULES = YES;
				INFOPLIST_FILE = pblockTests/Info.plist;
				LD_RUNPATH_SEARCH_PATHS = "$(inherited) @executable_path/Frameworks @loader_path/Frameworks";
				PRODUCT_BUNDLE_IDENTIFIER = willfleming.pblockTests;
				PRODUCT_NAME = "$(TARGET_NAME)";
				TEST_HOST = "$(BUILT_PRODUCTS_DIR)/pblock.app/pblock";
			};
			name = Release;
		};
		BE43E5911B4F25FC00C522FF /* Debug */ = {
			isa = XCBuildConfiguration;
			buildSettings = {
				INFOPLIST_FILE = pblockUITests/Info.plist;
				LD_RUNPATH_SEARCH_PATHS = "$(inherited) @executable_path/Frameworks @loader_path/Frameworks";
				PRODUCT_BUNDLE_IDENTIFIER = willfleming.pblockUITests;
				PRODUCT_NAME = "$(TARGET_NAME)";
				TEST_TARGET_NAME = pblock;
				USES_XCTRUNNER = YES;
			};
			name = Debug;
		};
		BE43E5921B4F25FC00C522FF /* Release */ = {
			isa = XCBuildConfiguration;
			buildSettings = {
				INFOPLIST_FILE = pblockUITests/Info.plist;
				LD_RUNPATH_SEARCH_PATHS = "$(inherited) @executable_path/Frameworks @loader_path/Frameworks";
				PRODUCT_BUNDLE_IDENTIFIER = willfleming.pblockUITests;
				PRODUCT_NAME = "$(TARGET_NAME)";
				TEST_TARGET_NAME = pblock;
				USES_XCTRUNNER = YES;
			};
			name = Release;
		};
		BE43E5A21B4F262100C522FF /* Debug */ = {
			isa = XCBuildConfiguration;
			buildSettings = {
				CODE_SIGN_ENTITLEMENTS = "pblock-extension/pblock-extension.entitlements";
				CODE_SIGN_IDENTITY = "iPhone Developer";
				"CODE_SIGN_IDENTITY[sdk=iphoneos*]" = "iPhone Developer";
				INFOPLIST_FILE = "pblock-extension/Info.plist";
				LD_RUNPATH_SEARCH_PATHS = "$(inherited) @executable_path/Frameworks @executable_path/../../Frameworks";
				OTHER_SWIFT_FLAGS = "-D DEBUG";
				PRODUCT_BUNDLE_IDENTIFIER = "com.willfleming.pblock.pblock-extension";
				PRODUCT_NAME = "$(TARGET_NAME)";
				PROVISIONING_PROFILE = "";
				SKIP_INSTALL = YES;
			};
			name = Debug;
		};
		BE43E5A31B4F262100C522FF /* Release */ = {
			isa = XCBuildConfiguration;
			buildSettings = {
				CODE_SIGN_ENTITLEMENTS = "pblock-extension/pblock-extension.entitlements";
				CODE_SIGN_IDENTITY = "iPhone Developer";
				"CODE_SIGN_IDENTITY[sdk=iphoneos*]" = "iPhone Developer";
				INFOPLIST_FILE = "pblock-extension/Info.plist";
				LD_RUNPATH_SEARCH_PATHS = "$(inherited) @executable_path/Frameworks @executable_path/../../Frameworks";
				PRODUCT_BUNDLE_IDENTIFIER = "com.willfleming.pblock.pblock-extension";
				PRODUCT_NAME = "$(TARGET_NAME)";
				PROVISIONING_PROFILE = "";
				SKIP_INSTALL = YES;
			};
			name = Release;
		};
/* End XCBuildConfiguration section */

/* Begin XCConfigurationList section */
		BE43E55B1B4F25FB00C522FF /* Build configuration list for PBXProject "pblock" */ = {
			isa = XCConfigurationList;
			buildConfigurations = (
				BE43E5881B4F25FC00C522FF /* Debug */,
				BE43E5891B4F25FC00C522FF /* Release */,
			);
			defaultConfigurationIsVisible = 0;
			defaultConfigurationName = Release;
		};
		BE43E58A1B4F25FC00C522FF /* Build configuration list for PBXNativeTarget "pblock" */ = {
			isa = XCConfigurationList;
			buildConfigurations = (
				BE43E58B1B4F25FC00C522FF /* Debug */,
				BE43E58C1B4F25FC00C522FF /* Release */,
			);
			defaultConfigurationIsVisible = 0;
			defaultConfigurationName = Release;
		};
		BE43E58D1B4F25FC00C522FF /* Build configuration list for PBXNativeTarget "pblockTests" */ = {
			isa = XCConfigurationList;
			buildConfigurations = (
				BE43E58E1B4F25FC00C522FF /* Debug */,
				BE43E58F1B4F25FC00C522FF /* Release */,
			);
			defaultConfigurationIsVisible = 0;
			defaultConfigurationName = Release;
		};
		BE43E5901B4F25FC00C522FF /* Build configuration list for PBXNativeTarget "pblockUITests" */ = {
			isa = XCConfigurationList;
			buildConfigurations = (
				BE43E5911B4F25FC00C522FF /* Debug */,
				BE43E5921B4F25FC00C522FF /* Release */,
			);
			defaultConfigurationIsVisible = 0;
			defaultConfigurationName = Release;
		};
		BE43E5A11B4F262100C522FF /* Build configuration list for PBXNativeTarget "pblock-extension" */ = {
			isa = XCConfigurationList;
			buildConfigurations = (
				BE43E5A21B4F262100C522FF /* Debug */,
				BE43E5A31B4F262100C522FF /* Release */,
			);
			defaultConfigurationIsVisible = 0;
			defaultConfigurationName = Release;
		};
/* End XCConfigurationList section */

/* Begin XCVersionGroup section */
		BE82A2ED1B5057D1007A91AA /* Model.xcdatamodeld */ = {
			isa = XCVersionGroup;
			children = (
				BE82A2EE1B5057D1007A91AA /* Model.xcdatamodel */,
			);
			currentVersion = BE82A2EE1B5057D1007A91AA /* Model.xcdatamodel */;
			path = Model.xcdatamodeld;
			sourceTree = "<group>";
			versionGroupType = wrapper.xcdatamodel;
		};
/* End XCVersionGroup section */
	};
	rootObject = BE43E5581B4F25FB00C522FF /* Project object */;
}
